
Microsoft Visual Studio Solution File, Format Version 12.00
# Visual Studio Version 16
VisualStudioVersion = 16.0.31112.23
MinimumVisualStudioVersion = 10.0.40219.1
Project("{FAE04EC0-301F-11D3-BF4B-00C04F79EFBC}") = "LottoGame", "LottoGame\LottoGame.csproj", "{CDD6A023-9EBD-4842-832D-135D9F9CCEFC}"
EndProject
Global
	GlobalSection(SolutionConfigurationPlatforms) = preSolution
		Debug|Any CPU = Debug|Any CPU
		Release|Any CPU = Release|Any CPU
	EndGlobalSection
	GlobalSection(ProjectConfigurationPlatforms) = postSolution
		{CDD6A023-9EBD-4842-832D-135D9F9CCEFC}.Debug|Any CPU.ActiveCfg = Debug|Any CPU
		{CDD6A023-9EBD-4842-832D-135D9F9CCEFC}.Debug|Any CPU.Build.0 = Debug|Any CPU
		{CDD6A023-9EBD-4842-832D-135D9F9CCEFC}.Release|Any CPU.ActiveCfg = Release|Any CPU
		{CDD6A023-9EBD-4842-832D-135D9F9CCEFC}.Release|Any CPU.Build.0 = Release|Any CPU
	EndGlobalSection
	GlobalSection(SolutionProperties) = preSolution
		HideSolutionNode = FALSE
	EndGlobalSection
	GlobalSection(ExtensibilityGlobals) = postSolution
		SolutionGuid = {A5EB4648-C4B4-4363-9B00-42C5D993E89A}
	EndGlobalSection
EndGlobal
